
Microsoft Visual Studio Solution File, Format Version 12.00
# Visual Studio Version 17
VisualStudioVersion = 17.12.35707.178
MinimumVisualStudioVersion = 10.0.40219.1
Project("{FAE04EC0-301F-11D3-BF4B-00C04F79EFBC}") = "Domain", "Domain\Domain.csproj", "{638C125C-52CA-4EF3-85C1-F33FB412FA27}"
EndProject
Project("{FAE04EC0-301F-11D3-BF4B-00C04F79EFBC}") = "Infrastructure", "Infrastructure\Infrastructure.csproj", "{C854C75A-1498-41CB-A3E4-5A08BE2708F0}"
EndProject
Project("{FAE04EC0-301F-11D3-BF4B-00C04F79EFBC}") = "Application", "Application\Application.csproj", "{D7FFD65F-19CA-4978-B132-1DCFBC81E5B6}"
EndProject
Global
	GlobalSection(SolutionConfigurationPlatforms) = preSolution
		Debug|Any CPU = Debug|Any CPU
		Release|Any CPU = Release|Any CPU
	EndGlobalSection
	GlobalSection(ProjectConfigurationPlatforms) = postSolution
		{638C125C-52CA-4EF3-85C1-F33FB412FA27}.Debug|Any CPU.ActiveCfg = Debug|Any CPU
		{638C125C-52CA-4EF3-85C1-F33FB412FA27}.Debug|Any CPU.Build.0 = Debug|Any CPU
		{638C125C-52CA-4EF3-85C1-F33FB412FA27}.Release|Any CPU.ActiveCfg = Release|Any CPU
		{638C125C-52CA-4EF3-85C1-F33FB412FA27}.Release|Any CPU.Build.0 = Release|Any CPU
		{C854C75A-1498-41CB-A3E4-5A08BE2708F0}.Debug|Any CPU.ActiveCfg = Debug|Any CPU
		{C854C75A-1498-41CB-A3E4-5A08BE2708F0}.Debug|Any CPU.Build.0 = Debug|Any CPU
		{C854C75A-1498-41CB-A3E4-5A08BE2708F0}.Release|Any CPU.ActiveCfg = Release|Any CPU
		{C854C75A-1498-41CB-A3E4-5A08BE2708F0}.Release|Any CPU.Build.0 = Release|Any CPU
		{D7FFD65F-19CA-4978-B132-1DCFBC81E5B6}.Debug|Any CPU.ActiveCfg = Debug|Any CPU
		{D7FFD65F-19CA-4978-B132-1DCFBC81E5B6}.Debug|Any CPU.Build.0 = Debug|Any CPU
		{D7FFD65F-19CA-4978-B132-1DCFBC81E5B6}.Release|Any CPU.ActiveCfg = Release|Any CPU
		{D7FFD65F-19CA-4978-B132-1DCFBC81E5B6}.Release|Any CPU.Build.0 = Release|Any CPU
	EndGlobalSection
	GlobalSection(SolutionProperties) = preSolution
		HideSolutionNode = FALSE
	EndGlobalSection
EndGlobal
